{
  "name": "physics",
  "lockfileVersion": 3,
  "requires": true,
  "packages": {
    "": {
      "dependencies": {
        "glicol": "^0.4.0",
        "jsfxr": "^1.3.0"
      }
    },
    "node_modules/glicol": {
      "version": "0.4.0",
      "resolved": "https://registry.npmjs.org/glicol/-/glicol-0.4.0.tgz",
      "integrity": "sha512-1ebgPZa9C/Bu6D16+SI6DDO7xcjULgan21NRRruCQeFjUwIsfY3BlKmiQ3geid9PfTEyWr4hEZabHRSl2YLCGw==",
      "license": "MIT"
    },
    "node_modules/jsfxr": {
      "version": "1.3.0",
      "resolved": "https://registry.npmjs.org/jsfxr/-/jsfxr-1.3.0.tgz",
      "integrity": "sha512-kVB2p9T46v8LUkm/gfQYOSFmaJiY2nbyz9rnLU/5vz0cEWq1bObFloweONlrFpeYlKs914wpUvKNYF4qfu1phQ==",
      "bin": {
        "sfxr-to-wav": "sfxr-to-wav"
      }
    }
  }
}
